
Microsoft Visual Studio Solution File, Format Version 12.00
# Visual Studio Version 17
VisualStudioVersion = 17.0.31903.59
MinimumVisualStudioVersion = 10.0.40219.1
Project("{FAE04EC0-301F-11D3-BF4B-00C04F79EFBC}") = "Codility.App", "Codility.App\Codility.App.csproj", "{E31824BA-5BA6-49CF-B5D8-A94610AD74A3}"
EndProject
Project("{FAE04EC0-301F-11D3-BF4B-00C04F79EFBC}") = "Codility.Test", "Codility.Test\Codility.Test.csproj", "{E12031BB-84A1-4423-ADDE-6F050E39174C}"
EndProject
Global
	GlobalSection(SolutionConfigurationPlatforms) = preSolution
		Debug|Any CPU = Debug|Any CPU
		Release|Any CPU = Release|Any CPU
	EndGlobalSection
	GlobalSection(SolutionProperties) = preSolution
		HideSolutionNode = FALSE
	EndGlobalSection
	GlobalSection(ProjectConfigurationPlatforms) = postSolution
		{E31824BA-5BA6-49CF-B5D8-A94610AD74A3}.Debug|Any CPU.ActiveCfg = Debug|Any CPU
		{E31824BA-5BA6-49CF-B5D8-A94610AD74A3}.Debug|Any CPU.Build.0 = Debug|Any CPU
		{E31824BA-5BA6-49CF-B5D8-A94610AD74A3}.Release|Any CPU.ActiveCfg = Release|Any CPU
		{E31824BA-5BA6-49CF-B5D8-A94610AD74A3}.Release|Any CPU.Build.0 = Release|Any CPU
		{E12031BB-84A1-4423-ADDE-6F050E39174C}.Debug|Any CPU.ActiveCfg = Debug|Any CPU
		{E12031BB-84A1-4423-ADDE-6F050E39174C}.Debug|Any CPU.Build.0 = Debug|Any CPU
		{E12031BB-84A1-4423-ADDE-6F050E39174C}.Release|Any CPU.ActiveCfg = Release|Any CPU
		{E12031BB-84A1-4423-ADDE-6F050E39174C}.Release|Any CPU.Build.0 = Release|Any CPU
	EndGlobalSection
EndGlobal
